
Microsoft Visual Studio Solution File, Format Version 12.00
# Visual Studio 2012
Project("{FAE04EC0-301F-11D3-BF4B-00C04F79EFBC}") = "Notebook", "Notebook\Notebook.csproj", "{B4380724-9B1A-4C57-AB79-740A5924F7F5}"
EndProject
Global
	GlobalSection(SolutionConfigurationPlatforms) = preSolution
		Debug|Any CPU = Debug|Any CPU
		Release|Any CPU = Release|Any CPU
	EndGlobalSection
	GlobalSection(ProjectConfigurationPlatforms) = postSolution
		{B4380724-9B1A-4C57-AB79-740A5924F7F5}.Debug|Any CPU.ActiveCfg = Debug|Any CPU
		{B4380724-9B1A-4C57-AB79-740A5924F7F5}.Debug|Any CPU.Build.0 = Debug|Any CPU
		{B4380724-9B1A-4C57-AB79-740A5924F7F5}.Release|Any CPU.ActiveCfg = Release|Any CPU
		{B4380724-9B1A-4C57-AB79-740A5924F7F5}.Release|Any CPU.Build.0 = Release|Any CPU
	EndGlobalSection
	GlobalSection(SolutionProperties) = preSolution
		HideSolutionNode = FALSE
	EndGlobalSection
EndGlobal
