
Microsoft Visual Studio Solution File, Format Version 11.00
# Visual Studio 2010
Project("{FAE04EC0-301F-11D3-BF4B-00C04F79EFBC}") = "CropControl", "CropControl\CropControl.csproj", "{208B89E5-36F9-4D40-A3AA-34860F118EC9}"
EndProject
Project("{FAE04EC0-301F-11D3-BF4B-00C04F79EFBC}") = "CropApp", "CropApp\CropApp.csproj", "{800FC59E-CA7A-41AF-AE6C-8C8D0A061311}"
EndProject
Global
	GlobalSection(SolutionConfigurationPlatforms) = preSolution
		Debug|Any CPU = Debug|Any CPU
		Release|Any CPU = Release|Any CPU
	EndGlobalSection
	GlobalSection(ProjectConfigurationPlatforms) = postSolution
		{208B89E5-36F9-4D40-A3AA-34860F118EC9}.Debug|Any CPU.ActiveCfg = Debug|Any CPU
		{208B89E5-36F9-4D40-A3AA-34860F118EC9}.Debug|Any CPU.Build.0 = Debug|Any CPU
		{208B89E5-36F9-4D40-A3AA-34860F118EC9}.Release|Any CPU.ActiveCfg = Release|Any CPU
		{208B89E5-36F9-4D40-A3AA-34860F118EC9}.Release|Any CPU.Build.0 = Release|Any CPU
		{800FC59E-CA7A-41AF-AE6C-8C8D0A061311}.Debug|Any CPU.ActiveCfg = Debug|Any CPU
		{800FC59E-CA7A-41AF-AE6C-8C8D0A061311}.Debug|Any CPU.Build.0 = Debug|Any CPU
		{800FC59E-CA7A-41AF-AE6C-8C8D0A061311}.Release|Any CPU.ActiveCfg = Release|Any CPU
		{800FC59E-CA7A-41AF-AE6C-8C8D0A061311}.Release|Any CPU.Build.0 = Release|Any CPU
	EndGlobalSection
	GlobalSection(SolutionProperties) = preSolution
		HideSolutionNode = FALSE
	EndGlobalSection
EndGlobal
