
Microsoft Visual Studio Solution File, Format Version 11.00
# Visual Studio 2010
Project("{FAE04EC0-301F-11D3-BF4B-00C04F79EFBC}") = "GameStateManagement", "GameStateManagement\GameStateManagement.csproj", "{52DA7D82-4FF4-4C86-9694-2742EDFC8009}"
EndProject
Project("{FAE04EC0-301F-11D3-BF4B-00C04F79EFBC}") = "GameStateManagementContent", "GameStateManagement\Content\GameStateManagementContent.contentproj", "{73323588-0DF9-4B28-AEE6-A635CDE5A1DB}"
EndProject
Global
	GlobalSection(SolutionConfigurationPlatforms) = preSolution
		Debug|x86 = Debug|x86
		Release|x86 = Release|x86
	EndGlobalSection
	GlobalSection(ProjectConfigurationPlatforms) = postSolution
		{52DA7D82-4FF4-4C86-9694-2742EDFC8009}.Debug|x86.ActiveCfg = Debug|x86
		{52DA7D82-4FF4-4C86-9694-2742EDFC8009}.Debug|x86.Build.0 = Debug|x86
		{52DA7D82-4FF4-4C86-9694-2742EDFC8009}.Release|x86.ActiveCfg = Release|x86
		{52DA7D82-4FF4-4C86-9694-2742EDFC8009}.Release|x86.Build.0 = Release|x86
		{73323588-0DF9-4B28-AEE6-A635CDE5A1DB}.Debug|x86.ActiveCfg = Debug|x86
		{73323588-0DF9-4B28-AEE6-A635CDE5A1DB}.Release|x86.ActiveCfg = Release|x86
	EndGlobalSection
	GlobalSection(SolutionProperties) = preSolution
		HideSolutionNode = FALSE
	EndGlobalSection
EndGlobal
