
Microsoft Visual Studio Solution File, Format Version 12.00
# Visual Studio Express 2012 for Windows Desktop
Project("{FAE04EC0-301F-11D3-BF4B-00C04F79EFBC}") = "UploadFileTest", "UploadFileTest\UploadFileTest.csproj", "{9EAEEFE3-4E3E-43F4-8557-F57AB5E37C27}"
EndProject
Global
	GlobalSection(SolutionConfigurationPlatforms) = preSolution
		Debug|Any CPU = Debug|Any CPU
		Release|Any CPU = Release|Any CPU
	EndGlobalSection
	GlobalSection(ProjectConfigurationPlatforms) = postSolution
		{9EAEEFE3-4E3E-43F4-8557-F57AB5E37C27}.Debug|Any CPU.ActiveCfg = Debug|Any CPU
		{9EAEEFE3-4E3E-43F4-8557-F57AB5E37C27}.Debug|Any CPU.Build.0 = Debug|Any CPU
		{9EAEEFE3-4E3E-43F4-8557-F57AB5E37C27}.Release|Any CPU.ActiveCfg = Release|Any CPU
		{9EAEEFE3-4E3E-43F4-8557-F57AB5E37C27}.Release|Any CPU.Build.0 = Release|Any CPU
	EndGlobalSection
	GlobalSection(SolutionProperties) = preSolution
		HideSolutionNode = FALSE
	EndGlobalSection
EndGlobal
